
Microsoft Visual Studio Solution File, Format Version 12.00
# Visual Studio Version 17
VisualStudioVersion = 17.9.34622.214
MinimumVisualStudioVersion = 10.0.40219.1
Project("{FAE04EC0-301F-11D3-BF4B-00C04F79EFBC}") = "biblioteka", "biblioteka\biblioteka.csproj", "{267ECBDB-F56C-4B83-BA9A-789E3B54CBA2}"
EndProject
Global
	GlobalSection(SolutionConfigurationPlatforms) = preSolution
		Debug|Any CPU = Debug|Any CPU
		Release|Any CPU = Release|Any CPU
	EndGlobalSection
	GlobalSection(ProjectConfigurationPlatforms) = postSolution
		{267ECBDB-F56C-4B83-BA9A-789E3B54CBA2}.Debug|Any CPU.ActiveCfg = Debug|Any CPU
		{267ECBDB-F56C-4B83-BA9A-789E3B54CBA2}.Debug|Any CPU.Build.0 = Debug|Any CPU
		{267ECBDB-F56C-4B83-BA9A-789E3B54CBA2}.Release|Any CPU.ActiveCfg = Release|Any CPU
		{267ECBDB-F56C-4B83-BA9A-789E3B54CBA2}.Release|Any CPU.Build.0 = Release|Any CPU
	EndGlobalSection
	GlobalSection(SolutionProperties) = preSolution
		HideSolutionNode = FALSE
	EndGlobalSection
	GlobalSection(ExtensibilityGlobals) = postSolution
		SolutionGuid = {956C962A-A4A3-4BD9-BD59-F3D72F845815}
	EndGlobalSection
EndGlobal
